
Microsoft Visual Studio Solution File, Format Version 12.00
# Visual Studio Version 16
VisualStudioVersion = 16.0.31129.286
MinimumVisualStudioVersion = 10.0.40219.1
Project("{FAE04EC0-301F-11D3-BF4B-00C04F79EFBC}") = "AspNetMvcDashboardApp", "AspNetMvcDashboardApp\AspNetMvcDashboardApp.csproj", "{65C7DFD6-1741-40BC-BA33-5E95BE23E8B8}"
EndProject
Global
	GlobalSection(SolutionConfigurationPlatforms) = preSolution
		Debug|Any CPU = Debug|Any CPU
		Release|Any CPU = Release|Any CPU
	EndGlobalSection
	GlobalSection(ProjectConfigurationPlatforms) = postSolution
		{65C7DFD6-1741-40BC-BA33-5E95BE23E8B8}.Debug|Any CPU.ActiveCfg = Debug|Any CPU
		{65C7DFD6-1741-40BC-BA33-5E95BE23E8B8}.Debug|Any CPU.Build.0 = Debug|Any CPU
		{65C7DFD6-1741-40BC-BA33-5E95BE23E8B8}.Release|Any CPU.ActiveCfg = Release|Any CPU
		{65C7DFD6-1741-40BC-BA33-5E95BE23E8B8}.Release|Any CPU.Build.0 = Release|Any CPU
	EndGlobalSection
	GlobalSection(SolutionProperties) = preSolution
		HideSolutionNode = FALSE
	EndGlobalSection
	GlobalSection(ExtensibilityGlobals) = postSolution
		SolutionGuid = {2A3B88D6-FFAD-4EBC-BCBD-C3965CED210F}
	EndGlobalSection
EndGlobal
